<?xml version="1.0" encoding="utf-8"?>
<Project ToolsVersion="4.0" xmlns="http://schemas.microsoft.com/developer/msbuild/2003">
  <ItemGroup>
    <Filter Include="Common">
      <UniqueIdentifier>c2d376cd-01d3-4161-ae70-8caf697a9abf</UniqueIdentifier>
    </Filter>
    <Filter Include="Assets">
      <UniqueIdentifier>33d27b96-0970-45dd-ba5c-04a726dfdc18</UniqueIdentifier>
      <Extensions>ico;cur;bmp;dds;dlg;fbx;rct;bin;rgs;gif;jpg;jpeg;jpe;resx;tga;tiff;tif;png;wav;mfcribbon-ms</Extensions>
    </Filter>
    <Filter Include="Models">
      <UniqueIdentifier>{5abbe4d0-713f-4cdb-be23-10e4db22765d}</UniqueIdentifier>
    </Filter>
    <Filter Include="Utility">
      <UniqueIdentifier>{c0250121-0b5a-4df9-9796-da6fe5b627b6}</UniqueIdentifier>
    </Filter>
  </ItemGroup>
  <ItemGroup>
    <ClInclude Include="pch.h" />
    <ClInclude Include="Game.h" />
    <ClInclude Include="StepTimer.h">
      <Filter>Common</Filter>
    </ClInclude>
    <ClInclude Include="DeviceResources.h">
      <Filter>Common</Filter>
    </ClInclude>
    <ClInclude Include="DebugCamera.h" />
    <ClInclude Include="GridFloor.h" />
    <ClInclude Include="Collision.h" />
    <ClInclude Include="CollisionMesh.h" />
    <ClInclude Include="Obj3D.h" />
    <ClInclude Include="Ball.h" />
    <ClInclude Include="Camera.h" />
    <ClInclude Include="Player.h" />
    <ClInclude Include="Enemy.h" />
    <ClInclude Include="Utility\SingletonBase.h">
      <Filter>Utility</Filter>
    </ClInclude>
    <ClInclude Include="DXDevice.h" />
    <ClInclude Include="ModelManager.h" />
  </ItemGroup>
  <ItemGroup>
    <ClCompile Include="pch.cpp" />
    <ClCompile Include="Game.cpp" />
    <ClCompile Include="Main.cpp" />
    <ClCompile Include="DeviceResources.cpp">
      <Filter>Common</Filter>
    </ClCompile>
    <ClCompile Include="DebugCamera.cpp" />
    <ClCompile Include="GridFloor.cpp" />
    <ClCompile Include="CollisionMesh.cpp" />
    <ClCompile Include="Obj3D.cpp" />
    <ClCompile Include="Ball.cpp" />
    <ClCompile Include="Camera.cpp" />
    <ClCompile Include="Player.cpp" />
    <ClCompile Include="Enemy.cpp" />
    <ClCompile Include="ModelManager.cpp" />
  </ItemGroup>
  <ItemGroup>
    <ResourceCompile Include="resource.rc" />
  </ItemGroup>
  <ItemGroup>
    <Image Include="directx.ico">
      <Filter>Assets</Filter>
    </Image>
  </ItemGroup>
  <ItemGroup>
    <Manifest Include="settings.manifest">
      <Filter>Assets</Filter>
    </Manifest>
  </ItemGroup>
  <ItemGroup>
    <MeshContentTask Include="Fbx\Player.FBX">
      <Filter>Models</Filter>
    </MeshContentTask>
    <MeshContentTask Include="Fbx\Eye.FBX">
      <Filter>Models</Filter>
    </MeshContentTask>
    <MeshContentTask Include="Fbx\Ball.FBX">
      <Filter>Models</Filter>
    </MeshContentTask>
    <MeshContentTask Include="Fbx\FloorModel.FBX">
      <Filter>Models</Filter>
    </MeshContentTask>
  </ItemGroup>
  <ItemGroup>
    <None Include="ClassDiagram.cd" />
  </ItemGroup>
</Project>